{
  "lockfileVersion": 1,
  "dependencies": {
    "sinon-chai": {
      "version": "2.13.0",
      "resolved": "https://registry.npmjs.org/sinon-chai/-/sinon-chai-2.13.0.tgz",
      "integrity": "sha512-hRNu/TlYEp4Rw5IbzO8ykGoZMSG489PGUx1rvePpHGrtl20cXivRBgtr/EWYxIwL9EOO9+on04nd9k3tW8tVww=="
    }
  }
}
