{
  "lockfileVersion": 1,
  "dependencies": {
    "apollo-cache": {
      "version": "1.0.2",
      "resolved": "https://registry.npmjs.org/apollo-cache/-/apollo-cache-1.0.2.tgz",
      "integrity": "sha512-VolOQhSlS9LNjAJP2QjEw0c8dDBZ47rqbeu/ygA3DabCdY/cTGOeybpBHmFePHA7ZzOE6+2EPxIhGmTRIZhS7A=="
    },
    "apollo-utilities": {
      "version": "1.0.4",
      "resolved": "https://registry.npmjs.org/apollo-utilities/-/apollo-utilities-1.0.4.tgz",
      "integrity": "sha512-QnxSxRuJLCpa91P2Tzi3PCdpPydpBEawsHedr/hW7QrgOpn1fOicxgVrzhxt/au9rXSopwyDTBsGa7wEvz+DQQ=="
    }
  }
}
