{
  "lockfileVersion": 1,
  "dependencies": {
    "@types/async": {
      "version": "2.0.47",
      "resolved": "https://registry.npmjs.org/@types/async/-/async-2.0.47.tgz",
      "integrity": "sha512-/mQMARXVSuGbwOFFBKA4s0qRKtOaaTgnllp3qU4sMzDVGGAroPblyd529yBALnK/WEY8nHyRGx0/RFUDmhpVmQ==",
      "optional": true
    },
    "@types/graphql": {
      "version": "0.9.4",
      "resolved": "https://registry.npmjs.org/@types/graphql/-/graphql-0.9.4.tgz",
      "integrity": "sha512-ob2dps4itT/Le5DbxjssBXtBnloDIRUbkgtAvaB42mJ8pVIWMRuURD9WjnhaEGZ4Ql/EryXMQWeU8Y0EU73QLw==",
      "optional": true
    },
    "@types/isomorphic-fetch": {
      "version": "0.0.34",
      "resolved": "https://registry.npmjs.org/@types/isomorphic-fetch/-/isomorphic-fetch-0.0.34.tgz",
      "integrity": "sha1-PDSD5gbAQTeEOOlRRk8A5OYHBtY=",
      "optional": true
    },
    "apollo-client": {
      "version": "1.8.0",
      "resolved": "https://registry.npmjs.org/apollo-client/-/apollo-client-1.8.0.tgz",
      "integrity": "sha512-OWr60/sn4i4Z7tO1rxle+m7YHYI0mhxz0YLPbJuJ1fj4fg5hXthr9jjdA/GOC6UrfSRfORB8MXhsP0HWMyo/nQ=="
    },
    "graphql": {
      "version": "0.10.5",
      "resolved": "https://registry.npmjs.org/graphql/-/graphql-0.10.5.tgz",
      "integrity": "sha512-Q7cx22DiLhwHsEfUnUip1Ww/Vfx7FS0w6+iHItNuN61+XpegHSa3k5U0+6M5BcpavQImBwFiy0z3uYwY7cXMLQ=="
    },
    "graphql-anywhere": {
      "version": "3.1.0",
      "resolved": "https://registry.npmjs.org/graphql-anywhere/-/graphql-anywhere-3.1.0.tgz",
      "integrity": "sha1-PqDY6GRrXO5oA1AWqadVfBXCHpY="
    },
    "graphql-tag": {
      "version": "2.6.1",
      "resolved": "https://registry.npmjs.org/graphql-tag/-/graphql-tag-2.6.1.tgz",
      "integrity": "sha1-R4jVCfbilgfZR/xHpAxOGPc200o="
    },
    "iterall": {
      "version": "1.1.3",
      "resolved": "https://registry.npmjs.org/iterall/-/iterall-1.1.3.tgz",
      "integrity": "sha512-Cu/kb+4HiNSejAPhSaN1VukdNTTi/r4/e+yykqjlG/IW+1gZH5b4+Bq3whDX4tvbYugta3r8KTMUiqT3fIGxuQ=="
    },
    "js-tokens": {
      "version": "3.0.2",
      "resolved": "https://registry.npmjs.org/js-tokens/-/js-tokens-3.0.2.tgz",
      "integrity": "sha1-mGbfOVECEw449/mWvOtlRDIJwls="
    },
    "lodash": {
      "version": "4.17.4",
      "resolved": "https://registry.npmjs.org/lodash/-/lodash-4.17.4.tgz",
      "integrity": "sha1-eCA6TRwyiuHYbcpkYONptX9AVa4="
    },
    "lodash-es": {
      "version": "4.17.4",
      "resolved": "https://registry.npmjs.org/lodash-es/-/lodash-es-4.17.4.tgz",
      "integrity": "sha1-3MHXVS4VCgZABzupyzHXDwMpUOc="
    },
    "loose-envify": {
      "version": "1.3.1",
      "resolved": "https://registry.npmjs.org/loose-envify/-/loose-envify-1.3.1.tgz",
      "integrity": "sha1-0aitM/qc4OcT1l/dCsi3SNR4yEg="
    },
    "redux": {
      "version": "3.7.2",
      "resolved": "https://registry.npmjs.org/redux/-/redux-3.7.2.tgz",
      "integrity": "sha512-pNqnf9q1hI5HHZRBkj3bAngGZW/JMCmexDlOxw4XagXY2o1327nHH54LoTjiPJ0gizoqPDRqWyX/00g0hD6w+A=="
    },
    "symbol-observable": {
      "version": "1.1.0",
      "resolved": "https://registry.npmjs.org/symbol-observable/-/symbol-observable-1.1.0.tgz",
      "integrity": "sha512-dQoid9tqQ+uotGhuTKEY11X4xhyYePVnqGSoSm3OGKh2E8LZ6RPULp1uXTctk33IeERlrRJYoVSBglsL05F5Uw=="
    },
    "whatwg-fetch": {
      "version": "2.0.3",
      "resolved": "https://registry.npmjs.org/whatwg-fetch/-/whatwg-fetch-2.0.3.tgz",
      "integrity": "sha1-nITsLc9oGH/wC8ZOEnS0QhduHIQ="
    }
  }
}
