{
  "lockfileVersion": 1,
  "dependencies": {
    "apollo-angular": {
      "version": "1.0.1",
      "resolved": "https://registry.npmjs.org/apollo-angular/-/apollo-angular-1.0.1.tgz",
      "integrity": "sha512-kuYKhsFPsBdWBqZSfaz2wej7gougBUwRgsSuc8AIkiWe9aXigNr4c+ZuYzxF3WgXsv76Rlz/FnyhhO06dWvZzQ=="
    }
  }
}
