{
  "lockfileVersion": 1,
  "dependencies": {
    "apollo-angular": {
      "version": "0.13.3",
      "resolved": "https://registry.npmjs.org/apollo-angular/-/apollo-angular-0.13.3.tgz",
      "integrity": "sha512-4QW9pdFgx66nccZiWsH9ex+RLvvHIZ4CLwn+USg7BIB/plDgtaq7iDpO5qRazOPDF5DzOrJM0Sp8RWX7cngleA=="
    },
    "apollo-client-rxjs": {
      "version": "0.6.0-rc.2",
      "resolved": "https://registry.npmjs.org/apollo-client-rxjs/-/apollo-client-rxjs-0.6.0-rc.2.tgz",
      "integrity": "sha512-DodyAq2ePhrnsSTysVmoNm9LdVXSqiu6lBA1vVY0lY0FNLOiv1TRKEIdmUCqQIieFRMEjEApLmnjtncWhxmidQ=="
    }
  }
}
