{
  "lockfileVersion": 1,
  "dependencies": {
    "apollo-utilities": {
      "version": "1.0.2",
      "resolved": "https://registry.npmjs.org/apollo-utilities/-/apollo-utilities-1.0.2.tgz",
      "integrity": "sha512-tCiJexDJQr9He6TW9E1/sba0WdeRW4/mmaA1JJBOwyLoPSAvCgBOJ6fo4L3iwWvadR1X1723JGojzhYFrUHMhg=="
    }
  }
}
