{
  "lockfileVersion": 1,
  "dependencies": {
    "apollo-link": {
      "version": "0.8.0",
      "resolved": "https://registry.npmjs.org/apollo-link/-/apollo-link-0.8.0.tgz",
      "integrity": "sha512-iPuJyHhMZK0UGFfL9A9lBs0GxTD4b50cMq4xAtxq5poKe36A2Df0LiznWg3eZIergCyTjtvdeaCNO76LNSWx8w=="
    },
    "apollo-utilities": {
      "version": "0.2.0-rc.3",
      "resolved": "https://registry.npmjs.org/apollo-utilities/-/apollo-utilities-0.2.0-rc.3.tgz",
      "integrity": "sha512-UM5ok/DUKSgh/3T302hoPqCAhqfXdvBaQKOQJb0QUuX3qu2qVKzvwFsv/C3zWYySeCJTP9EoV2LtooIJOhSL4g=="
    },
    "zen-observable": {
      "version": "0.6.1",
      "resolved": "https://registry.npmjs.org/zen-observable/-/zen-observable-0.6.1.tgz",
      "integrity": "sha512-DKjFTL7siVLIUMZOFZ0alqMEdTsXPUxoCZzrvB2tdWEVN/6606Qh1nCfSTCAOZMrtcPzzFI3BXmwBKLAew52NA=="
    }
  }
}
