{
  "lockfileVersion": 1,
  "dependencies": {
    "@types/node": {
      "version": "7.0.52",
      "resolved": "https://registry.npmjs.org/@types/node/-/node-7.0.52.tgz",
      "integrity": "sha512-jjpyQsKGsOF/wUElNjfPULk+d8PKvJOIXk3IUeBYYmNCy5dMWfrI+JiixYNw8ppKOlcRwWTXFl0B+i5oGrf95Q=="
    },
    "commander": {
      "version": "2.12.0",
      "resolved": "https://registry.npmjs.org/commander/-/commander-2.12.0.tgz",
      "integrity": "sha512-0FAmW4svUhnHJzjJHrg0vHi8+3Wp5mqvZTOui03Tc0515CToaw1BD7WC8ROcY08UnTJJOr4essVYvXBSPYeV2w=="
    }
  }
}
