{
  "lockfileVersion": 1,
  "dependencies": {
    "apollo-angular": {
      "version": "0.1.0",
      "resolved": "https://registry.npmjs.org/apollo-angular/-/apollo-angular-0.1.0.tgz",
      "integrity": "sha1-FGW//Q1/7jjtl2n1NzjWwLytehw="
    },
    "apollo-client-rxjs": {
      "version": "0.2.4",
      "resolved": "https://registry.npmjs.org/apollo-client-rxjs/-/apollo-client-rxjs-0.2.4.tgz",
      "integrity": "sha1-e/RqsHyPlmfFG1mio3Gp9+v6AY0="
    },
    "lodash": {
      "version": "4.17.4",
      "resolved": "https://registry.npmjs.org/lodash/-/lodash-4.17.4.tgz",
      "integrity": "sha1-eCA6TRwyiuHYbcpkYONptX9AVa4="
    }
  }
}
