{
  "lockfileVersion": 1,
  "dependencies": {
    "apollo-angular": {
      "version": "0.13.1",
      "resolved": "https://registry.npmjs.org/apollo-angular/-/apollo-angular-0.13.1.tgz",
      "integrity": "sha512-9SsD3EHyrKGPuHhN622J9ZdeYhX6e70AzG4RZ0JkW0io1Jvhlp5o1ysTeSgQJdY3nSdxrnoB2Ncwbddl/pHM/w=="
    },
    "apollo-client-rxjs": {
      "version": "0.6.0-rc.2",
      "resolved": "https://registry.npmjs.org/apollo-client-rxjs/-/apollo-client-rxjs-0.6.0-rc.2.tgz",
      "integrity": "sha512-DodyAq2ePhrnsSTysVmoNm9LdVXSqiu6lBA1vVY0lY0FNLOiv1TRKEIdmUCqQIieFRMEjEApLmnjtncWhxmidQ=="
    }
  }
}
