{
  "lockfileVersion": 1,
  "dependencies": {
    "apollo-angular": {
      "version": "0.9.1",
      "resolved": "https://registry.npmjs.org/apollo-angular/-/apollo-angular-0.9.1.tgz",
      "integrity": "sha1-J8XX3/6Z6X4+RfcSPsOa22oFljU="
    },
    "apollo-client-rxjs": {
      "version": "0.4.1",
      "resolved": "https://registry.npmjs.org/apollo-client-rxjs/-/apollo-client-rxjs-0.4.1.tgz",
      "integrity": "sha1-rZ75W9u0RVkSTzkNsf0P+xlRgaQ="
    },
    "lodash": {
      "version": "4.17.4",
      "resolved": "https://registry.npmjs.org/lodash/-/lodash-4.17.4.tgz",
      "integrity": "sha1-eCA6TRwyiuHYbcpkYONptX9AVa4="
    }
  }
}
