{
  "lockfileVersion": 1,
  "dependencies": {
    "dirty-chai": {
      "version": "2.0.1",
      "resolved": "https://registry.npmjs.org/dirty-chai/-/dirty-chai-2.0.1.tgz",
      "integrity": "sha512-ys79pWKvDMowIDEPC6Fig8d5THiC0DJ2gmTeGzVAoEH18J8OzLud0Jh7I9IWg3NSk8x2UocznUuFmfHCXYZx9w=="
    }
  }
}
