{
  "requires": true,
  "lockfileVersion": 1,
  "dependencies": {
    "@nestjs/mongoose": {
      "version": "3.0.0",
      "resolved": "https://registry.npmjs.org/@nestjs/mongoose/-/mongoose-3.0.0.tgz",
      "integrity": "sha512-jWs/Uxc+wXMv7Lkt769kCiE8Rcfmd1kmhtLUcCPi0tQZG3e7jD5ODtyAXUCPETAYsv9B171yuqQy+cuCZicBCQ=="
    }
  }
}
