{
  "requires": true,
  "lockfileVersion": 1,
  "dependencies": {
    "@nestjs/testing": {
      "version": "4.6.6",
      "resolved": "https://registry.npmjs.org/@nestjs/testing/-/testing-4.6.6.tgz",
      "integrity": "sha512-rAaowBc42TqwGGJ3E3IBdCc3vLwx9w9fvGJQn4JQAuvnkP3O+WplgPjbM5bdMylde2DiNn8TAvNwDdnUMpOFww==",
      "requires": {
        "optional": "0.1.4"
      }
    },
    "optional": {
      "version": "0.1.4",
      "resolved": "https://registry.npmjs.org/optional/-/optional-0.1.4.tgz",
      "integrity": "sha512-gtvrrCfkE08wKcgXaVwQVgwEQ8vel2dc5DDBn9RLQZ3YtmtkBss6A2HY6BnJH4N/4Ku97Ri/SF8sNWE2225WJw=="
    }
  }
}
