{
  "lockfileVersion": 1,
  "dependencies": {
    "apollo-utilities": {
      "version": "1.0.0",
      "resolved": "https://registry.npmjs.org/apollo-utilities/-/apollo-utilities-1.0.0.tgz",
      "integrity": "sha512-Su7PyN5KJqVPEcFuHjHvTeTTRZVatK8yFiw/EmDdr7rHhYosHT1/qZXBAAraYlqy8h1rJNVTTJyqkzAhKHTPJQ=="
    }
  }
}
