{
  "lockfileVersion": 1,
  "dependencies": {
    "@types/async": {
      "version": "2.0.46",
      "resolved": "https://registry.npmjs.org/@types/async/-/async-2.0.46.tgz",
      "integrity": "sha512-G4pYI5fcrmy6/NpTUHxTV8KOJgt7xO4jU7Itx3hA+AsBiECf78vFIJdRSWM6pHIskmKfCmJ0zGVbQJuKUooEQg==",
      "optional": true
    },
    "@types/zen-observable": {
      "version": "0.5.3",
      "resolved": "https://registry.npmjs.org/@types/zen-observable/-/zen-observable-0.5.3.tgz",
      "integrity": "sha512-aDvGDAHcVfUqNmd8q4//cHAP+HGxsbChbBbuk3+kMVk5TTxfWLpQWvVN3+UPjohLnwMYN7jr6BWNn2cYNqdm7g=="
    },
    "apollo-cache": {
      "version": "1.1.0",
      "resolved": "https://registry.npmjs.org/apollo-cache/-/apollo-cache-1.1.0.tgz",
      "integrity": "sha512-ILs1/GCyAv8RRMansOqpENnsJMCc1w6UQKVY6vTxJBpUDpGO6B6/UbIaWM0esat9cf92a7yx13/BoauFRzwqzw=="
    },
    "apollo-client": {
      "version": "2.2.0",
      "resolved": "https://registry.npmjs.org/apollo-client/-/apollo-client-2.2.0.tgz",
      "integrity": "sha512-PSocHEbRoubHIV+GD/bHMACFstbEv9a4FLgu41d2djpwAIIiT37qgnfLbnvY7BlME0vKc7HIV6sYjLY3xnjY4Q=="
    },
    "apollo-link": {
      "version": "1.0.7",
      "resolved": "https://registry.npmjs.org/apollo-link/-/apollo-link-1.0.7.tgz",
      "integrity": "sha512-oHzvpIDEy4UCNdbOw42wtOK1zOzdMrt4ulYyon24zT24MjicezTmXqJh2mR6whTl8RiUDLDY4ByusdKKXdcqHw==",
      "dependencies": {
        "zen-observable": {
          "version": "0.6.1",
          "resolved": "https://registry.npmjs.org/zen-observable/-/zen-observable-0.6.1.tgz",
          "integrity": "sha512-DKjFTL7siVLIUMZOFZ0alqMEdTsXPUxoCZzrvB2tdWEVN/6606Qh1nCfSTCAOZMrtcPzzFI3BXmwBKLAew52NA=="
        }
      }
    },
    "apollo-link-dedup": {
      "version": "1.0.5",
      "resolved": "https://registry.npmjs.org/apollo-link-dedup/-/apollo-link-dedup-1.0.5.tgz",
      "integrity": "sha512-KxBC8RapBctNX7o/bxMi5LdLA5VhD9ng8Td0tG+zlib5WV5wMERBCclgd9LqRdt1CkxJ/gsrTfBh38LcVhpWvg=="
    },
    "apollo-utilities": {
      "version": "1.0.4",
      "resolved": "https://registry.npmjs.org/apollo-utilities/-/apollo-utilities-1.0.4.tgz",
      "integrity": "sha512-QnxSxRuJLCpa91P2Tzi3PCdpPydpBEawsHedr/hW7QrgOpn1fOicxgVrzhxt/au9rXSopwyDTBsGa7wEvz+DQQ=="
    },
    "symbol-observable": {
      "version": "1.1.0",
      "resolved": "https://registry.npmjs.org/symbol-observable/-/symbol-observable-1.1.0.tgz",
      "integrity": "sha512-dQoid9tqQ+uotGhuTKEY11X4xhyYePVnqGSoSm3OGKh2E8LZ6RPULp1uXTctk33IeERlrRJYoVSBglsL05F5Uw=="
    },
    "zen-observable": {
      "version": "0.7.1",
      "resolved": "https://registry.npmjs.org/zen-observable/-/zen-observable-0.7.1.tgz",
      "integrity": "sha512-OI6VMSe0yeqaouIXtedC+F55Sr6r9ppS7+wTbSexkYdHbdt4ctTuPNXP/rwm7GTVI63YBc+EBT0b0tl7YnJLRg=="
    }
  }
}
