{
  "lockfileVersion": 1,
  "dependencies": {
    "apollo-link-dedup": {
      "version": "1.0.2",
      "resolved": "https://registry.npmjs.org/apollo-link-dedup/-/apollo-link-dedup-1.0.2.tgz",
      "integrity": "sha512-ECzXORE+fk+kjf+zOugcfaa9Tf/mX+vpNZa+oVAuKhzmRaWST3wsm6TUNfQOx25mF4g3ocw0Kv2OIa921TSKIw=="
    }
  }
}
