{
  "lockfileVersion": 1,
  "dependencies": {
    "apollo-link": {
      "version": "0.0.0",
      "resolved": "https://registry.npmjs.org/apollo-link/-/apollo-link-0.0.0.tgz",
      "integrity": "sha512-Qtkio2wc9vNeERZhVZjFGH7rZveqob2UwLGzCzpS6ikkFkGiIMOFLg4LSoV9SWZ2wxQV9MDBLS5qRt4YLS5SjA=="
    }
  }
}
