{
  "lockfileVersion": 1,
  "dependencies": {
    "@types/graphql": {
      "version": "0.9.4",
      "resolved": "https://registry.npmjs.org/@types/graphql/-/graphql-0.9.4.tgz",
      "integrity": "sha512-ob2dps4itT/Le5DbxjssBXtBnloDIRUbkgtAvaB42mJ8pVIWMRuURD9WjnhaEGZ4Ql/EryXMQWeU8Y0EU73QLw=="
    },
    "apollo-fetch": {
      "version": "0.6.0",
      "resolved": "https://registry.npmjs.org/apollo-fetch/-/apollo-fetch-0.6.0.tgz",
      "integrity": "sha1-qumyjBF680SwkeyLpNGlqgR03F0="
    },
    "apollo-link": {
      "version": "0.5.4",
      "resolved": "https://registry.npmjs.org/apollo-link/-/apollo-link-0.5.4.tgz",
      "integrity": "sha512-GgG2mWLX68YJP0w95eir9db/UsyRlNJr7qkM+NITZKX+efOUWmd/l6TJSg2zpKfVgHIUmUepfuqUUf6E9E7/rw=="
    },
    "apollo-link-batch": {
      "version": "0.1.4",
      "resolved": "https://registry.npmjs.org/apollo-link-batch/-/apollo-link-batch-0.1.4.tgz",
      "integrity": "sha512-OiUQ7QAEPuww81UuKpo4Qu1zG5SYt8zWeh4qum+Ixl3RMQCKvcvexlNEWqoAOQBU2LUnROuktHCcPfCCDfZcTg=="
    },
    "apollo-link-batch-http": {
      "version": "0.1.4",
      "resolved": "https://registry.npmjs.org/apollo-link-batch-http/-/apollo-link-batch-http-0.1.4.tgz",
      "integrity": "sha512-R/lasnXxA2lIM1dOJ+GlsuR9RmmCTj2VfbTJMNJCRcPIt+DZUA8JQgwm4lTY5GEvihPDrBlY+wf76pHWMfz22A=="
    },
    "apollo-link-core": {
      "version": "0.5.4",
      "resolved": "https://registry.npmjs.org/apollo-link-core/-/apollo-link-core-0.5.4.tgz",
      "integrity": "sha512-OxL0Kjizb0eS2ObldDqJEs/tFN9xI9RZuTJcaszgGy+xudoPXhIMCHMr7hGZhy0mK+U+BbBULZJw4YQU4J0ODQ=="
    },
    "apollo-link-dedup": {
      "version": "0.3.4",
      "resolved": "https://registry.npmjs.org/apollo-link-dedup/-/apollo-link-dedup-0.3.4.tgz",
      "integrity": "sha512-dOBM0EqaMVfwtK4I0BGY0I1j7XXl1cxrjZTy6nVMJKkr9PWjKc/Le48PKnlfBEnr5fAo4XanTllurfp+fuROkQ=="
    },
    "apollo-link-http": {
      "version": "0.5.4",
      "resolved": "https://registry.npmjs.org/apollo-link-http/-/apollo-link-http-0.5.4.tgz",
      "integrity": "sha512-Mqkz+xZ/wf8UYgWbjepopjRnd2qkw+1GODz7xlc75BCbU4A89tVbFlUJQmJGL+m2msiey1d4a8qSmu9QNVjqDg=="
    },
    "apollo-link-polling": {
      "version": "0.5.4",
      "resolved": "https://registry.npmjs.org/apollo-link-polling/-/apollo-link-polling-0.5.4.tgz",
      "integrity": "sha512-rm3R5G/B62PsEGrCBqF7KMulFFUKk6FwSLaz5hd8LtE/gFmRgpvIxXiXPmtfv0D82D5y2XR6mji7hLhQ7YeoMg=="
    },
    "apollo-link-retry": {
      "version": "0.5.4",
      "resolved": "https://registry.npmjs.org/apollo-link-retry/-/apollo-link-retry-0.5.4.tgz",
      "integrity": "sha512-AMIQK2wcRnrCnMUqQATmi0NP7oEeUatma8Y4+WBC8l+dYfdEQazIpLESpSFjPpppgA6C2Wv9Fzd3URebqwztvw=="
    },
    "apollo-link-set-context": {
      "version": "0.5.4",
      "resolved": "https://registry.npmjs.org/apollo-link-set-context/-/apollo-link-set-context-0.5.4.tgz",
      "integrity": "sha512-iRfBRaBURsd3zob5u6Fm3HmbSGU3QUyrujO7DxoHbvxkUG3YIukM1fOanigsEv/D474ulksoMf4AG1v20ylAYg=="
    },
    "apollo-link-ws": {
      "version": "0.3.4",
      "resolved": "https://registry.npmjs.org/apollo-link-ws/-/apollo-link-ws-0.3.4.tgz",
      "integrity": "sha512-KgHxsX783JyDxzHRPf/WntLaKvBdJOwBh7MSgOhnjpLhZlAWXPin2d4ZJ0MeG61Ego8jVPIOjTXrGuPHF90nzg=="
    },
    "async-limiter": {
      "version": "1.0.0",
      "resolved": "https://registry.npmjs.org/async-limiter/-/async-limiter-1.0.0.tgz",
      "integrity": "sha512-jp/uFnooOiO+L211eZOoSyzpOITMXx1rBITauYykG3BRYPu8h0UcxsPNB04RR5vo4Tyz3+ay17tR6JVf9qzYWg=="
    },
    "backo2": {
      "version": "1.0.2",
      "resolved": "https://registry.npmjs.org/backo2/-/backo2-1.0.2.tgz",
      "integrity": "sha1-MasayLEpNjRj41s+u2n038+6eUc="
    },
    "encoding": {
      "version": "0.1.12",
      "resolved": "https://registry.npmjs.org/encoding/-/encoding-0.1.12.tgz",
      "integrity": "sha1-U4tm8+5izRq1HsMjgp0flIDHS+s="
    },
    "es6-promise": {
      "version": "4.2.2",
      "resolved": "https://registry.npmjs.org/es6-promise/-/es6-promise-4.2.2.tgz",
      "integrity": "sha512-LSas5vsuA6Q4nEdf9wokY5/AJYXry98i0IzXsv49rYsgDGDNDPbqAYR1Pe23iFxygfbGZNR/5VrHXBCh2BhvUQ=="
    },
    "eventemitter3": {
      "version": "2.0.3",
      "resolved": "https://registry.npmjs.org/eventemitter3/-/eventemitter3-2.0.3.tgz",
      "integrity": "sha1-teEHm1n7XhuidxwKmTvgYKWMmbo="
    },
    "graphql": {
      "version": "0.10.5",
      "resolved": "https://registry.npmjs.org/graphql/-/graphql-0.10.5.tgz",
      "integrity": "sha512-Q7cx22DiLhwHsEfUnUip1Ww/Vfx7FS0w6+iHItNuN61+XpegHSa3k5U0+6M5BcpavQImBwFiy0z3uYwY7cXMLQ=="
    },
    "graphql-subscriptions": {
      "version": "0.4.4",
      "resolved": "https://registry.npmjs.org/graphql-subscriptions/-/graphql-subscriptions-0.4.4.tgz",
      "integrity": "sha512-hqfUsZv39qmK4SEoKMnTO05U4EVvIeAD4ai5ztE9gCl4hEdeaF2Q5gvF80ONQQAnkys4odzxWYd2tBLS/cWl8g=="
    },
    "graphql-tag": {
      "version": "2.6.1",
      "resolved": "https://registry.npmjs.org/graphql-tag/-/graphql-tag-2.6.1.tgz",
      "integrity": "sha1-R4jVCfbilgfZR/xHpAxOGPc200o="
    },
    "iconv-lite": {
      "version": "0.4.19",
      "resolved": "https://registry.npmjs.org/iconv-lite/-/iconv-lite-0.4.19.tgz",
      "integrity": "sha512-oTZqweIP51xaGPI4uPa56/Pri/480R+mo7SeU+YETByQNhDG55ycFyNLIgta9vXhILrxXDmF7ZGhqZIcuN0gJQ=="
    },
    "is-stream": {
      "version": "1.1.0",
      "resolved": "https://registry.npmjs.org/is-stream/-/is-stream-1.1.0.tgz",
      "integrity": "sha1-EtSj3U5o4Lec6428hBc66A2RykQ="
    },
    "isomorphic-fetch": {
      "version": "2.2.1",
      "resolved": "https://registry.npmjs.org/isomorphic-fetch/-/isomorphic-fetch-2.2.1.tgz",
      "integrity": "sha1-YRrhrPFPXoH3KVB0coGf6XM1WKk="
    },
    "iterall": {
      "version": "1.1.3",
      "resolved": "https://registry.npmjs.org/iterall/-/iterall-1.1.3.tgz",
      "integrity": "sha512-Cu/kb+4HiNSejAPhSaN1VukdNTTi/r4/e+yykqjlG/IW+1gZH5b4+Bq3whDX4tvbYugta3r8KTMUiqT3fIGxuQ=="
    },
    "lodash.assign": {
      "version": "4.2.0",
      "resolved": "https://registry.npmjs.org/lodash.assign/-/lodash.assign-4.2.0.tgz",
      "integrity": "sha1-DZnzzNem0mHRm9rrkkUAXShYCOc="
    },
    "lodash.isobject": {
      "version": "3.0.2",
      "resolved": "https://registry.npmjs.org/lodash.isobject/-/lodash.isobject-3.0.2.tgz",
      "integrity": "sha1-PI+41bW/S/kK4G4U8qUwpO2TXh0="
    },
    "lodash.isstring": {
      "version": "4.0.1",
      "resolved": "https://registry.npmjs.org/lodash.isstring/-/lodash.isstring-4.0.1.tgz",
      "integrity": "sha1-1SfftUVuynzJu5XV2ur4i6VKVFE="
    },
    "node-fetch": {
      "version": "1.7.3",
      "resolved": "https://registry.npmjs.org/node-fetch/-/node-fetch-1.7.3.tgz",
      "integrity": "sha512-NhZ4CsKx7cYm2vSrBAr2PvFOe6sWDf0UYLRqA6svUYg7+/TSfVAu49jYC4BvQ4Sms9SZgdqGBgroqfDhJdTyKQ=="
    },
    "safe-buffer": {
      "version": "5.1.1",
      "resolved": "https://registry.npmjs.org/safe-buffer/-/safe-buffer-5.1.1.tgz",
      "integrity": "sha512-kKvNJn6Mm93gAczWVJg7wH+wGYWNrDHdWvpUmHyEsgCtIwwo3bqPtV4tR5tuPaUhTOo/kvhVwd8XwwOllGYkbg=="
    },
    "subscriptions-transport-ws": {
      "version": "0.8.3",
      "resolved": "https://registry.npmjs.org/subscriptions-transport-ws/-/subscriptions-transport-ws-0.8.3.tgz",
      "integrity": "sha512-cRgUoVpWarbd9HDKvFYn4QD4TTpMEJGwXUKKmV/TfD3db2415xotPN/DIYfVg3gyFVd2PI8Bpbg53J7vPrfRLg=="
    },
    "symbol-observable": {
      "version": "1.1.0",
      "resolved": "https://registry.npmjs.org/symbol-observable/-/symbol-observable-1.1.0.tgz",
      "integrity": "sha512-dQoid9tqQ+uotGhuTKEY11X4xhyYePVnqGSoSm3OGKh2E8LZ6RPULp1uXTctk33IeERlrRJYoVSBglsL05F5Uw=="
    },
    "ultron": {
      "version": "1.1.1",
      "resolved": "https://registry.npmjs.org/ultron/-/ultron-1.1.1.tgz",
      "integrity": "sha512-UIEXBNeYmKptWH6z8ZnqTeS8fV74zG0/eRU9VGkpzz+LIJNs8W/zM/L+7ctCkRrgbNnnR0xxw4bKOr0cW0N0Og=="
    },
    "whatwg-fetch": {
      "version": "2.0.3",
      "resolved": "https://registry.npmjs.org/whatwg-fetch/-/whatwg-fetch-2.0.3.tgz",
      "integrity": "sha1-nITsLc9oGH/wC8ZOEnS0QhduHIQ="
    },
    "ws": {
      "version": "3.3.3",
      "resolved": "https://registry.npmjs.org/ws/-/ws-3.3.3.tgz",
      "integrity": "sha512-nnWLa/NwZSt4KQJu51MYlCcSQ5g7INpOrOMt4XV8j4dqTXdmlUmSHQ8/oLC069ckre0fRsgfvsKwbTdtKLCDkA=="
    },
    "zen-observable-ts": {
      "version": "0.4.4",
      "resolved": "https://registry.npmjs.org/zen-observable-ts/-/zen-observable-ts-0.4.4.tgz",
      "integrity": "sha512-SNVY1sWWhoe7FwFmHpD9ERi+7Mhhj3+JdS0BGy2UxLIg7cY+3zQbyZauQCI6DN6YK4uoKNaIm3S7Qkqi1Lr+Fw=="
    }
  }
}
