{
  "lockfileVersion": 1,
  "dependencies": {
    "apollo-link-http": {
      "version": "1.0.0",
      "resolved": "https://registry.npmjs.org/apollo-link-http/-/apollo-link-http-1.0.0.tgz",
      "integrity": "sha512-lwJE+N0qeluChjya807T0s7tWgNdXXkxKjOBLFL7Rd819mv5HpJ+liQYOsK7B2bBrjo8TlIhswHKe0ifKmSy4w=="
    }
  }
}
