{
  "lockfileVersion": 1,
  "dependencies": {
    "@types/graphql": {
      "version": "0.9.4",
      "resolved": "https://registry.npmjs.org/@types/graphql/-/graphql-0.9.4.tgz",
      "integrity": "sha512-ob2dps4itT/Le5DbxjssBXtBnloDIRUbkgtAvaB42mJ8pVIWMRuURD9WjnhaEGZ4Ql/EryXMQWeU8Y0EU73QLw==",
      "optional": true
    },
    "apollo-server-core": {
      "version": "1.0.2",
      "resolved": "https://registry.npmjs.org/apollo-server-core/-/apollo-server-core-1.0.2.tgz",
      "integrity": "sha1-aGCmtWgMQshycVPFJO78hPuR5QA="
    }
  }
}
