{
  "lockfileVersion": 1,
  "dependencies": {
    "apollo-cache": {
      "version": "1.0.1",
      "resolved": "https://registry.npmjs.org/apollo-cache/-/apollo-cache-1.0.1.tgz",
      "integrity": "sha512-7P5RgFPoF2ZiSl12CwH/S8+mNjWIS56utzb+FIOm4hSTYKVEaP7R9VCeC1vFmJRgjMhWkJveb9YCEPu0wIQtmw=="
    },
    "apollo-utilities": {
      "version": "1.0.4",
      "resolved": "https://registry.npmjs.org/apollo-utilities/-/apollo-utilities-1.0.4.tgz",
      "integrity": "sha512-QnxSxRuJLCpa91P2Tzi3PCdpPydpBEawsHedr/hW7QrgOpn1fOicxgVrzhxt/au9rXSopwyDTBsGa7wEvz+DQQ=="
    }
  }
}
