{
  "lockfileVersion": 1,
  "dependencies": {
    "apollo-utilities": {
      "version": "1.0.1",
      "resolved": "https://registry.npmjs.org/apollo-utilities/-/apollo-utilities-1.0.1.tgz",
      "integrity": "sha512-o41biJGBjGCE9Nc6oDA+z0Q/rTeXj8WDqZ3v5Y2v1vwywg2VehY7sPWUm37eXa+FvE7aYMMR9gbIoRLAtbIzYQ=="
    }
  }
}
