{
  "lockfileVersion": 1,
  "dependencies": {
    "apollo-link-dedup": {
      "version": "1.0.0",
      "resolved": "https://registry.npmjs.org/apollo-link-dedup/-/apollo-link-dedup-1.0.0.tgz",
      "integrity": "sha512-9ARdvKl/Y1Cgz+Hx7IMPYToOiwD+88F5wcRs/RS2gmkNivy9qfDhGddTvEvi01urBYaXSKWuOL5xVU4Hqy2Hbg=="
    }
  }
}
