{
  "lockfileVersion": 1,
  "dependencies": {
    "apollo-cache": {
      "version": "1.1.0",
      "resolved": "https://registry.npmjs.org/apollo-cache/-/apollo-cache-1.1.0.tgz",
      "integrity": "sha512-ILs1/GCyAv8RRMansOqpENnsJMCc1w6UQKVY6vTxJBpUDpGO6B6/UbIaWM0esat9cf92a7yx13/BoauFRzwqzw=="
    },
    "apollo-cache-inmemory": {
      "version": "1.1.4",
      "resolved": "https://registry.npmjs.org/apollo-cache-inmemory/-/apollo-cache-inmemory-1.1.4.tgz",
      "integrity": "sha512-TGDLpk9IGc7jn5DLQVLM9U2UvIa3GNFZtuy2cw+ZUd4RVZ8XH5TMUAXnZkyl0y+Qp3W9i10t3xuC5SmUGHHWWw=="
    },
    "apollo-utilities": {
      "version": "1.0.4",
      "resolved": "https://registry.npmjs.org/apollo-utilities/-/apollo-utilities-1.0.4.tgz",
      "integrity": "sha512-QnxSxRuJLCpa91P2Tzi3PCdpPydpBEawsHedr/hW7QrgOpn1fOicxgVrzhxt/au9rXSopwyDTBsGa7wEvz+DQQ=="
    },
    "graphql-anywhere": {
      "version": "4.1.1",
      "resolved": "https://registry.npmjs.org/graphql-anywhere/-/graphql-anywhere-4.1.1.tgz",
      "integrity": "sha512-CMbuqNbp6nfHfOHswrDuEed+MxDSnLppHKjjte447P6fllqZi69D2bS/3QSfK/KONSgvpk3ptxNi4fR6WQFcSQ=="
    }
  }
}
