{
  "lockfileVersion": 1,
  "dependencies": {
    "apollo-cache": {
      "version": "1.1.0",
      "resolved": "https://registry.npmjs.org/apollo-cache/-/apollo-cache-1.1.0.tgz",
      "integrity": "sha512-ILs1/GCyAv8RRMansOqpENnsJMCc1w6UQKVY6vTxJBpUDpGO6B6/UbIaWM0esat9cf92a7yx13/BoauFRzwqzw=="
    },
    "apollo-utilities": {
      "version": "1.0.4",
      "resolved": "https://registry.npmjs.org/apollo-utilities/-/apollo-utilities-1.0.4.tgz",
      "integrity": "sha512-QnxSxRuJLCpa91P2Tzi3PCdpPydpBEawsHedr/hW7QrgOpn1fOicxgVrzhxt/au9rXSopwyDTBsGa7wEvz+DQQ=="
    }
  }
}
