{
  "lockfileVersion": 1,
  "dependencies": {
    "apollo-angular": {
      "version": "1.0.0",
      "resolved": "https://registry.npmjs.org/apollo-angular/-/apollo-angular-1.0.0.tgz",
      "integrity": "sha512-H+OVgTP6V/tUG7ea2mo87fIerawcuQ38638h+ABspUJcDZ8aG6UZOl3v7gFtdEqoNYCB+3LVbJa76ZvLNxUEcQ=="
    }
  }
}
