{
  "requires": true,
  "lockfileVersion": 1,
  "dependencies": {
    "@nestjs/mongoose": {
      "version": "3.0.1",
      "resolved": "https://registry.npmjs.org/@nestjs/mongoose/-/mongoose-3.0.1.tgz",
      "integrity": "sha512-g76U/t8uIs1b4cB7Mhu0HszaQk76sC1IZGYpUqYKdYyJHEr22gN5xM826L/9FMa94SpfC0p89QZX+pNZFAupbQ=="
    }
  }
}
