{
  "lockfileVersion": 1,
  "dependencies": {
    "apollo-utilities": {
      "version": "1.0.3",
      "resolved": "https://registry.npmjs.org/apollo-utilities/-/apollo-utilities-1.0.3.tgz",
      "integrity": "sha512-wNKf0GAXfvnmZFYVl1YIzZ6LDSUe+zo4SKd2kbzi7YquNZUuSwJnG1FfEphvfwRRTI2dnpcGZEq26I7uUBrWNw=="
    }
  }
}
