{
  "lockfileVersion": 1,
  "dependencies": {
    "@types/graphql": {
      "version": "0.8.6",
      "resolved": "https://registry.npmjs.org/@types/graphql/-/graphql-0.8.6.tgz",
      "integrity": "sha1-s0+4gEk7qDWwwGcCTucBMNb5u2g=",
      "optional": true
    },
    "deprecated-decorator": {
      "version": "0.1.6",
      "resolved": "https://registry.npmjs.org/deprecated-decorator/-/deprecated-decorator-0.1.6.tgz",
      "integrity": "sha1-AJZjF7ehL+kvPMgx91g68ym4bDc="
    },
    "graphql-tools": {
      "version": "0.9.1",
      "resolved": "https://registry.npmjs.org/graphql-tools/-/graphql-tools-0.9.1.tgz",
      "integrity": "sha1-jOoJgirY7OgRKZrWtS6cmXzVEFQ="
    },
    "lodash": {
      "version": "4.17.4",
      "resolved": "https://registry.npmjs.org/lodash/-/lodash-4.17.4.tgz",
      "integrity": "sha1-eCA6TRwyiuHYbcpkYONptX9AVa4="
    },
    "uuid": {
      "version": "3.2.1",
      "resolved": "https://registry.npmjs.org/uuid/-/uuid-3.2.1.tgz",
      "integrity": "sha512-jZnMwlb9Iku/O3smGWvZhauCf6cvvpKi4BKRiliS3cxnI+Gz9j5MEpTz2UFuXiKPJocb7gnsLHwiS05ige5BEA=="
    }
  }
}
