{
  "lockfileVersion": 1,
  "dependencies": {
    "dirty-chai": {
      "version": "2.0.0",
      "resolved": "https://registry.npmjs.org/dirty-chai/-/dirty-chai-2.0.0.tgz",
      "integrity": "sha512-1uLjgMcUCDt1UBglqRkpwv2102ox4+QpFsIzKlzCUGtR+ECZEPijmEv5O/ooPNN8Zd1Q6VjACA7C2uY8ZV40nA=="
    }
  }
}
