{
  "lockfileVersion": 1,
  "dependencies": {
    "apollo-angular": {
      "version": "0.13.2",
      "resolved": "https://registry.npmjs.org/apollo-angular/-/apollo-angular-0.13.2.tgz",
      "integrity": "sha512-eHb50gbMbyZVLoQSRVeRfU7sqKN6gAD05g78+qyEC3xD2Z2H9q7mayctT6JX9sW96rSyci0grKYBsZsQmh7vnQ=="
    },
    "apollo-client-rxjs": {
      "version": "0.6.0-rc.2",
      "resolved": "https://registry.npmjs.org/apollo-client-rxjs/-/apollo-client-rxjs-0.6.0-rc.2.tgz",
      "integrity": "sha512-DodyAq2ePhrnsSTysVmoNm9LdVXSqiu6lBA1vVY0lY0FNLOiv1TRKEIdmUCqQIieFRMEjEApLmnjtncWhxmidQ=="
    }
  }
}
