{
  "lockfileVersion": 1,
  "dependencies": {
    "apollo-link-http": {
      "version": "0.8.0",
      "resolved": "https://registry.npmjs.org/apollo-link-http/-/apollo-link-http-0.8.0.tgz",
      "integrity": "sha512-hOmJojfaiiOCdf1+YbOwYgmG5HG3J3dh2PhN+bRNYbMuMXNP5VUvR4UJRftr/vIL3m4fpd+HB2p+Gyau8dAstg=="
    }
  }
}
