{
  "lockfileVersion": 1,
  "dependencies": {
    "apollo-utilities": {
      "version": "0.1.1-1",
      "resolved": "https://registry.npmjs.org/apollo-utilities/-/apollo-utilities-0.1.1-1.tgz",
      "integrity": "sha512-1254/E4u7B5niFoR7h3RF+Bxv+KjAe6StEHUXABeDOIcVHkjjLHx++ZKDdZeTjwDow4tMc5fkhwpZ5vzxezyxQ=="
    }
  }
}
