{
  "requires": true,
  "lockfileVersion": 1,
  "dependencies": {
    "@nestjs/testing": {
      "version": "4.6.1",
      "resolved": "https://registry.npmjs.org/@nestjs/testing/-/testing-4.6.1.tgz",
      "integrity": "sha512-qGOYKOZ5HX1qJkkLUPtdivrNv76vxyQFMvaNydS4xfxkalRvMzNlzvOyJFXkVwyeB7B7aQzqpMZVCFKp5/RfeA==",
      "requires": {
        "optional": "0.1.4"
      }
    },
    "optional": {
      "version": "0.1.4",
      "resolved": "https://registry.npmjs.org/optional/-/optional-0.1.4.tgz",
      "integrity": "sha512-gtvrrCfkE08wKcgXaVwQVgwEQ8vel2dc5DDBn9RLQZ3YtmtkBss6A2HY6BnJH4N/4Ku97Ri/SF8sNWE2225WJw=="
    }
  }
}
