{
  "lockfileVersion": 1,
  "dependencies": {
    "apollo-link-http": {
      "version": "1.2.0",
      "resolved": "https://registry.npmjs.org/apollo-link-http/-/apollo-link-http-1.2.0.tgz",
      "integrity": "sha512-yuVxqmj+uKhtO2MlE/9j97cKmmtSqfpA74V30EfaosPpXu+O7LDKEZ9ZlFaT7ghcunoYEnZtPuLHRA6AVJ1PnA=="
    }
  }
}
