{
  "lockfileVersion": 1,
  "dependencies": {
    "apollo-utilities": {
      "version": "0.1.1-0",
      "resolved": "https://registry.npmjs.org/apollo-utilities/-/apollo-utilities-0.1.1-0.tgz",
      "integrity": "sha512-Lk84j6oQ9TX4B6u6BQxblEUrNLT8pArzwIMslNCwYVf6QsLA3ymc8EfQZJM5/oqCDySNoweDq0r+5R7J7r2AHQ=="
    }
  }
}
