{
  "lockfileVersion": 1,
  "dependencies": {
    "deep-eql": {
      "version": "3.0.0",
      "resolved": "https://registry.npmjs.org/deep-eql/-/deep-eql-3.0.0.tgz",
      "integrity": "sha512-9zef2MtjASSE1Pts2Nm6Yh5MTVdVh+s4Qt/e+jPV6qTBhqTc0WOEaWnLvLKGxky0gwZGmcY6TnUqyCD6fNs5Lg=="
    },
    "type-detect": {
      "version": "4.0.7",
      "resolved": "https://registry.npmjs.org/type-detect/-/type-detect-4.0.7.tgz",
      "integrity": "sha512-4Rh17pAMVdMWzktddFhISRnUnFIStObtUMNGzDwlA6w/77bmGv3aBbRdCmQR6IjzfkTo9otnW+2K/cDRhKSxDA=="
    }
  }
}
