{
  "lockfileVersion": 1,
  "dependencies": {
    "deep-eql": {
      "version": "1.0.3",
      "resolved": "https://registry.npmjs.org/deep-eql/-/deep-eql-1.0.3.tgz",
      "integrity": "sha1-gDD+VqKw5i67khfMI9CVxlaRWwg="
    },
    "type-detect": {
      "version": "3.0.0",
      "resolved": "https://registry.npmjs.org/type-detect/-/type-detect-3.0.0.tgz",
      "integrity": "sha1-RtDMhVOrt7E6NSsNbeov1Y8tm1U="
    }
  }
}
