{
  "lockfileVersion": 1,
  "dependencies": {
    "@types/graphql": {
      "version": "0.10.2",
      "resolved": "https://registry.npmjs.org/@types/graphql/-/graphql-0.10.2.tgz",
      "integrity": "sha512-Ayw0w+kr8vYd8DToiMXjcHxXv1ljWbqX2mnLwXDxkBgog3vywGriC0JZ+npsuohKs3+E88M8OOtobo4g0X3SIA==",
      "optional": true
    },
    "apollo-client": {
      "version": "1.9.2",
      "resolved": "https://registry.npmjs.org/apollo-client/-/apollo-client-1.9.2.tgz",
      "integrity": "sha512-1ZAw2x6AYtGFRosO9sR37+g5bNvCIyyNZ781h9M4Tm/lm8ejzINapx+BH2hdHgMxaGPuPvFpWGuD3m+sTbmWPQ=="
    },
    "apollo-link-core": {
      "version": "0.5.4",
      "resolved": "https://registry.npmjs.org/apollo-link-core/-/apollo-link-core-0.5.4.tgz",
      "integrity": "sha512-OxL0Kjizb0eS2ObldDqJEs/tFN9xI9RZuTJcaszgGy+xudoPXhIMCHMr7hGZhy0mK+U+BbBULZJw4YQU4J0ODQ=="
    },
    "graphql": {
      "version": "0.10.5",
      "resolved": "https://registry.npmjs.org/graphql/-/graphql-0.10.5.tgz",
      "integrity": "sha512-Q7cx22DiLhwHsEfUnUip1Ww/Vfx7FS0w6+iHItNuN61+XpegHSa3k5U0+6M5BcpavQImBwFiy0z3uYwY7cXMLQ=="
    },
    "graphql-anywhere": {
      "version": "3.1.0",
      "resolved": "https://registry.npmjs.org/graphql-anywhere/-/graphql-anywhere-3.1.0.tgz",
      "integrity": "sha1-PqDY6GRrXO5oA1AWqadVfBXCHpY="
    },
    "graphql-tag": {
      "version": "2.6.1",
      "resolved": "https://registry.npmjs.org/graphql-tag/-/graphql-tag-2.6.1.tgz",
      "integrity": "sha1-R4jVCfbilgfZR/xHpAxOGPc200o="
    },
    "iterall": {
      "version": "1.1.3",
      "resolved": "https://registry.npmjs.org/iterall/-/iterall-1.1.3.tgz",
      "integrity": "sha512-Cu/kb+4HiNSejAPhSaN1VukdNTTi/r4/e+yykqjlG/IW+1gZH5b4+Bq3whDX4tvbYugta3r8KTMUiqT3fIGxuQ=="
    },
    "js-tokens": {
      "version": "3.0.2",
      "resolved": "https://registry.npmjs.org/js-tokens/-/js-tokens-3.0.2.tgz",
      "integrity": "sha1-mGbfOVECEw449/mWvOtlRDIJwls="
    },
    "lodash": {
      "version": "4.17.4",
      "resolved": "https://registry.npmjs.org/lodash/-/lodash-4.17.4.tgz",
      "integrity": "sha1-eCA6TRwyiuHYbcpkYONptX9AVa4="
    },
    "lodash-es": {
      "version": "4.17.4",
      "resolved": "https://registry.npmjs.org/lodash-es/-/lodash-es-4.17.4.tgz",
      "integrity": "sha1-3MHXVS4VCgZABzupyzHXDwMpUOc="
    },
    "loose-envify": {
      "version": "1.3.1",
      "resolved": "https://registry.npmjs.org/loose-envify/-/loose-envify-1.3.1.tgz",
      "integrity": "sha1-0aitM/qc4OcT1l/dCsi3SNR4yEg="
    },
    "redux": {
      "version": "3.7.2",
      "resolved": "https://registry.npmjs.org/redux/-/redux-3.7.2.tgz",
      "integrity": "sha512-pNqnf9q1hI5HHZRBkj3bAngGZW/JMCmexDlOxw4XagXY2o1327nHH54LoTjiPJ0gizoqPDRqWyX/00g0hD6w+A=="
    },
    "symbol-observable": {
      "version": "1.1.0",
      "resolved": "https://registry.npmjs.org/symbol-observable/-/symbol-observable-1.1.0.tgz",
      "integrity": "sha512-dQoid9tqQ+uotGhuTKEY11X4xhyYePVnqGSoSm3OGKh2E8LZ6RPULp1uXTctk33IeERlrRJYoVSBglsL05F5Uw=="
    },
    "whatwg-fetch": {
      "version": "2.0.3",
      "resolved": "https://registry.npmjs.org/whatwg-fetch/-/whatwg-fetch-2.0.3.tgz",
      "integrity": "sha1-nITsLc9oGH/wC8ZOEnS0QhduHIQ="
    },
    "zen-observable-ts": {
      "version": "0.4.4",
      "resolved": "https://registry.npmjs.org/zen-observable-ts/-/zen-observable-ts-0.4.4.tgz",
      "integrity": "sha512-SNVY1sWWhoe7FwFmHpD9ERi+7Mhhj3+JdS0BGy2UxLIg7cY+3zQbyZauQCI6DN6YK4uoKNaIm3S7Qkqi1Lr+Fw=="
    }
  }
}
