{
  "lockfileVersion": 1,
  "dependencies": {
    "apollo-angular": {
      "version": "0.11.0",
      "resolved": "https://registry.npmjs.org/apollo-angular/-/apollo-angular-0.11.0.tgz",
      "integrity": "sha1-V9ofW8NHLBjYwGG6VEwtHgrA9AU="
    },
    "apollo-client-rxjs": {
      "version": "0.5.2",
      "resolved": "https://registry.npmjs.org/apollo-client-rxjs/-/apollo-client-rxjs-0.5.2.tgz",
      "integrity": "sha1-OWYEtc1unOC6TpHKKvWd81/pKFY="
    }
  }
}
